
Microsoft Visual Studio Solution File, Format Version 12.00
# Visual Studio 2012
Project("{FAE04EC0-301F-11D3-BF4B-00C04F79EFBC}") = "HackerNewsNow.iPhone", "HackerNewsNow.iPhone\HackerNewsNow.iPhone.csproj", "{B69A4441-07E3-4850-A8FE-EB724E2B5B57}"
EndProject
Project("{FAE04EC0-301F-11D3-BF4B-00C04F79EFBC}") = "HackerNewsNow.Shared", "HackerNewsNow.Shared\HackerNewsNow.Shared.csproj", "{F9D19374-865E-47FC-B9BE-15394BB07096}"
EndProject
Global
	GlobalSection(SolutionConfigurationPlatforms) = preSolution
		Debug|iPhoneSimulator = Debug|iPhoneSimulator
		Release|iPhoneSimulator = Release|iPhoneSimulator
		Debug|iPhone = Debug|iPhone
		Release|iPhone = Release|iPhone
		Ad-Hoc|iPhone = Ad-Hoc|iPhone
		AppStore|iPhone = AppStore|iPhone
	EndGlobalSection
	GlobalSection(ProjectConfigurationPlatforms) = postSolution
		{B69A4441-07E3-4850-A8FE-EB724E2B5B57}.Ad-Hoc|iPhone.ActiveCfg = Ad-Hoc|iPhone
		{B69A4441-07E3-4850-A8FE-EB724E2B5B57}.Ad-Hoc|iPhone.Build.0 = Ad-Hoc|iPhone
		{B69A4441-07E3-4850-A8FE-EB724E2B5B57}.AppStore|iPhone.ActiveCfg = AppStore|iPhone
		{B69A4441-07E3-4850-A8FE-EB724E2B5B57}.AppStore|iPhone.Build.0 = AppStore|iPhone
		{B69A4441-07E3-4850-A8FE-EB724E2B5B57}.Debug|iPhone.ActiveCfg = Debug|iPhone
		{B69A4441-07E3-4850-A8FE-EB724E2B5B57}.Debug|iPhone.Build.0 = Debug|iPhone
		{B69A4441-07E3-4850-A8FE-EB724E2B5B57}.Debug|iPhoneSimulator.ActiveCfg = Debug|iPhoneSimulator
		{B69A4441-07E3-4850-A8FE-EB724E2B5B57}.Debug|iPhoneSimulator.Build.0 = Debug|iPhoneSimulator
		{B69A4441-07E3-4850-A8FE-EB724E2B5B57}.Release|iPhone.ActiveCfg = Release|iPhone
		{B69A4441-07E3-4850-A8FE-EB724E2B5B57}.Release|iPhone.Build.0 = Release|iPhone
		{B69A4441-07E3-4850-A8FE-EB724E2B5B57}.Release|iPhoneSimulator.ActiveCfg = Release|iPhoneSimulator
		{B69A4441-07E3-4850-A8FE-EB724E2B5B57}.Release|iPhoneSimulator.Build.0 = Release|iPhoneSimulator
		{F9D19374-865E-47FC-B9BE-15394BB07096}.Ad-Hoc|iPhone.ActiveCfg = Release|Any CPU
		{F9D19374-865E-47FC-B9BE-15394BB07096}.Ad-Hoc|iPhone.Build.0 = Release|Any CPU
		{F9D19374-865E-47FC-B9BE-15394BB07096}.AppStore|iPhone.ActiveCfg = Release|Any CPU
		{F9D19374-865E-47FC-B9BE-15394BB07096}.AppStore|iPhone.Build.0 = Release|Any CPU
		{F9D19374-865E-47FC-B9BE-15394BB07096}.Debug|iPhone.ActiveCfg = Debug|Any CPU
		{F9D19374-865E-47FC-B9BE-15394BB07096}.Debug|iPhone.Build.0 = Debug|Any CPU
		{F9D19374-865E-47FC-B9BE-15394BB07096}.Debug|iPhoneSimulator.ActiveCfg = Debug|Any CPU
		{F9D19374-865E-47FC-B9BE-15394BB07096}.Debug|iPhoneSimulator.Build.0 = Debug|Any CPU
		{F9D19374-865E-47FC-B9BE-15394BB07096}.Release|iPhone.ActiveCfg = Release|Any CPU
		{F9D19374-865E-47FC-B9BE-15394BB07096}.Release|iPhone.Build.0 = Release|Any CPU
		{F9D19374-865E-47FC-B9BE-15394BB07096}.Release|iPhoneSimulator.ActiveCfg = Release|Any CPU
		{F9D19374-865E-47FC-B9BE-15394BB07096}.Release|iPhoneSimulator.Build.0 = Release|Any CPU
	EndGlobalSection
	GlobalSection(MonoDevelopProperties) = preSolution
		StartupItem = HackerNewsNow.iPhone\HackerNewsNow.iPhone.csproj
	EndGlobalSection
EndGlobal
