
Microsoft Visual Studio Solution File, Format Version 11.00
# Visual Studio 2010
Project("{FAE04EC0-301F-11D3-BF4B-00C04F79EFBC}") = "HackerNewsNow.iPhone", "HackerNewsNow.iPhone\HackerNewsNow.iPhone.csproj", "{3619A8F9-2530-4F89-8D6C-64EE4AF21923}"
EndProject
Project("{FAE04EC0-301F-11D3-BF4B-00C04F79EFBC}") = "HackerNewsNow.Shared", "HackerNewsNow.Shared\HackerNewsNow.Shared.csproj", "{F9D19374-865E-47FC-B9BE-15394BB07096}"
EndProject
Project("{FAE04EC0-301F-11D3-BF4B-00C04F79EFBC}") = "HackerNewsNow.Droid", "HackerNewsNow.Android\HackerNewsNow.Droid.csproj", "{A23F8D42-7912-4FA2-B4A6-4ECBF3426238}"
EndProject
Global
	GlobalSection(SolutionConfigurationPlatforms) = preSolution
		Debug|iPhoneSimulator = Debug|iPhoneSimulator
		Release|iPhoneSimulator = Release|iPhoneSimulator
		Debug|iPhone = Debug|iPhone
		Release|iPhone = Release|iPhone
		Ad-Hoc|iPhone = Ad-Hoc|iPhone
		AppStore|iPhone = AppStore|iPhone
	EndGlobalSection
	GlobalSection(ProjectConfigurationPlatforms) = postSolution
		{3619A8F9-2530-4F89-8D6C-64EE4AF21923}.Ad-Hoc|iPhone.ActiveCfg = Ad-Hoc|iPhone
		{3619A8F9-2530-4F89-8D6C-64EE4AF21923}.Ad-Hoc|iPhone.Build.0 = Ad-Hoc|iPhone
		{3619A8F9-2530-4F89-8D6C-64EE4AF21923}.AppStore|iPhone.ActiveCfg = AppStore|iPhone
		{3619A8F9-2530-4F89-8D6C-64EE4AF21923}.AppStore|iPhone.Build.0 = AppStore|iPhone
		{3619A8F9-2530-4F89-8D6C-64EE4AF21923}.Debug|iPhone.ActiveCfg = Debug|iPhone
		{3619A8F9-2530-4F89-8D6C-64EE4AF21923}.Debug|iPhone.Build.0 = Debug|iPhone
		{3619A8F9-2530-4F89-8D6C-64EE4AF21923}.Debug|iPhoneSimulator.ActiveCfg = Debug|iPhoneSimulator
		{3619A8F9-2530-4F89-8D6C-64EE4AF21923}.Debug|iPhoneSimulator.Build.0 = Debug|iPhoneSimulator
		{3619A8F9-2530-4F89-8D6C-64EE4AF21923}.Release|iPhone.ActiveCfg = Release|iPhone
		{3619A8F9-2530-4F89-8D6C-64EE4AF21923}.Release|iPhone.Build.0 = Release|iPhone
		{3619A8F9-2530-4F89-8D6C-64EE4AF21923}.Release|iPhoneSimulator.ActiveCfg = Release|iPhoneSimulator
		{3619A8F9-2530-4F89-8D6C-64EE4AF21923}.Release|iPhoneSimulator.Build.0 = Release|iPhoneSimulator
	EndGlobalSection
	GlobalSection(MonoDevelopProperties) = preSolution
		StartupItem = HackerNewsNow.Android\HackerNewsNow.Droid.csproj
	EndGlobalSection
	GlobalSection(SolutionProperties) = preSolution
		HideSolutionNode = FALSE
	EndGlobalSection
EndGlobal
