
Microsoft Visual Studio Solution File, Format Version 12.00
# Visual Studio 2013
VisualStudioVersion = 12.0.30324.0
MinimumVisualStudioVersion = 10.0.40219.1
Project("{FAE04EC0-301F-11D3-BF4B-00C04F79EFBC}") = "HackerNewsNow.iPhone", "HackerNewsNow.iPhone\HackerNewsNow.iPhone.csproj", "{B69A4441-07E3-4850-A8FE-EB724E2B5B57}"
EndProject
Project("{FAE04EC0-301F-11D3-BF4B-00C04F79EFBC}") = "HackerNewsNow.Shared", "HackerNewsNow.Shared\HackerNewsNow.Shared.csproj", "{F9D19374-865E-47FC-B9BE-15394BB07096}"
EndProject
Project("{FAE04EC0-301F-11D3-BF4B-00C04F79EFBC}") = "HackerNewsNow.Tests", "HackerNewsNow.Tests\HackerNewsNow.Tests.csproj", "{1D4A6901-3533-4E8D-B7A1-30B8B70F049C}"
EndProject
Project("{FAE04EC0-301F-11D3-BF4B-00C04F79EFBC}") = "HackerNewsNow.IntegrationTests", "HackerNewsNow.IntegrationTests\HackerNewsNow.IntegrationTests.csproj", "{06DBF3A5-8CE0-49C2-A8FC-6FC92C409D60}"
EndProject
Global
	GlobalSection(SolutionConfigurationPlatforms) = preSolution
		Ad-Hoc|Any CPU = Ad-Hoc|Any CPU
		Ad-Hoc|ARM = Ad-Hoc|ARM
		Ad-Hoc|iPhone = Ad-Hoc|iPhone
		Ad-Hoc|iPhoneSimulator = Ad-Hoc|iPhoneSimulator
		Ad-Hoc|Mixed Platforms = Ad-Hoc|Mixed Platforms
		Ad-Hoc|x64 = Ad-Hoc|x64
		Ad-Hoc|x86 = Ad-Hoc|x86
		AppStore|Any CPU = AppStore|Any CPU
		AppStore|ARM = AppStore|ARM
		AppStore|iPhone = AppStore|iPhone
		AppStore|iPhoneSimulator = AppStore|iPhoneSimulator
		AppStore|Mixed Platforms = AppStore|Mixed Platforms
		AppStore|x64 = AppStore|x64
		AppStore|x86 = AppStore|x86
		Debug|Any CPU = Debug|Any CPU
		Debug|ARM = Debug|ARM
		Debug|iPhone = Debug|iPhone
		Debug|iPhoneSimulator = Debug|iPhoneSimulator
		Debug|Mixed Platforms = Debug|Mixed Platforms
		Debug|x64 = Debug|x64
		Debug|x86 = Debug|x86
		Release|Any CPU = Release|Any CPU
		Release|ARM = Release|ARM
		Release|iPhone = Release|iPhone
		Release|iPhoneSimulator = Release|iPhoneSimulator
		Release|Mixed Platforms = Release|Mixed Platforms
		Release|x64 = Release|x64
		Release|x86 = Release|x86
	EndGlobalSection
	GlobalSection(ProjectConfigurationPlatforms) = postSolution
		{B69A4441-07E3-4850-A8FE-EB724E2B5B57}.Ad-Hoc|Any CPU.ActiveCfg = Ad-Hoc|iPhoneSimulator
		{B69A4441-07E3-4850-A8FE-EB724E2B5B57}.Ad-Hoc|ARM.ActiveCfg = Ad-Hoc|iPhoneSimulator
		{B69A4441-07E3-4850-A8FE-EB724E2B5B57}.Ad-Hoc|iPhone.ActiveCfg = Ad-Hoc|iPhone
		{B69A4441-07E3-4850-A8FE-EB724E2B5B57}.Ad-Hoc|iPhone.Build.0 = Ad-Hoc|iPhone
		{B69A4441-07E3-4850-A8FE-EB724E2B5B57}.Ad-Hoc|iPhoneSimulator.ActiveCfg = Ad-Hoc|iPhoneSimulator
		{B69A4441-07E3-4850-A8FE-EB724E2B5B57}.Ad-Hoc|iPhoneSimulator.Build.0 = Ad-Hoc|iPhoneSimulator
		{B69A4441-07E3-4850-A8FE-EB724E2B5B57}.Ad-Hoc|iPhoneSimulator.Deploy.0 = Ad-Hoc|iPhoneSimulator
		{B69A4441-07E3-4850-A8FE-EB724E2B5B57}.Ad-Hoc|Mixed Platforms.ActiveCfg = Ad-Hoc|iPhoneSimulator
		{B69A4441-07E3-4850-A8FE-EB724E2B5B57}.Ad-Hoc|Mixed Platforms.Build.0 = Ad-Hoc|iPhoneSimulator
		{B69A4441-07E3-4850-A8FE-EB724E2B5B57}.Ad-Hoc|Mixed Platforms.Deploy.0 = Ad-Hoc|iPhoneSimulator
		{B69A4441-07E3-4850-A8FE-EB724E2B5B57}.Ad-Hoc|x64.ActiveCfg = Ad-Hoc|iPhoneSimulator
		{B69A4441-07E3-4850-A8FE-EB724E2B5B57}.Ad-Hoc|x86.ActiveCfg = Ad-Hoc|iPhoneSimulator
		{B69A4441-07E3-4850-A8FE-EB724E2B5B57}.AppStore|Any CPU.ActiveCfg = AppStore|iPhoneSimulator
		{B69A4441-07E3-4850-A8FE-EB724E2B5B57}.AppStore|ARM.ActiveCfg = AppStore|iPhoneSimulator
		{B69A4441-07E3-4850-A8FE-EB724E2B5B57}.AppStore|iPhone.ActiveCfg = AppStore|iPhone
		{B69A4441-07E3-4850-A8FE-EB724E2B5B57}.AppStore|iPhone.Build.0 = AppStore|iPhone
		{B69A4441-07E3-4850-A8FE-EB724E2B5B57}.AppStore|iPhoneSimulator.ActiveCfg = AppStore|iPhoneSimulator
		{B69A4441-07E3-4850-A8FE-EB724E2B5B57}.AppStore|iPhoneSimulator.Build.0 = AppStore|iPhoneSimulator
		{B69A4441-07E3-4850-A8FE-EB724E2B5B57}.AppStore|iPhoneSimulator.Deploy.0 = AppStore|iPhoneSimulator
		{B69A4441-07E3-4850-A8FE-EB724E2B5B57}.AppStore|Mixed Platforms.ActiveCfg = AppStore|iPhoneSimulator
		{B69A4441-07E3-4850-A8FE-EB724E2B5B57}.AppStore|Mixed Platforms.Build.0 = AppStore|iPhoneSimulator
		{B69A4441-07E3-4850-A8FE-EB724E2B5B57}.AppStore|Mixed Platforms.Deploy.0 = AppStore|iPhoneSimulator
		{B69A4441-07E3-4850-A8FE-EB724E2B5B57}.AppStore|x64.ActiveCfg = AppStore|iPhoneSimulator
		{B69A4441-07E3-4850-A8FE-EB724E2B5B57}.AppStore|x86.ActiveCfg = AppStore|iPhoneSimulator
		{B69A4441-07E3-4850-A8FE-EB724E2B5B57}.Debug|Any CPU.ActiveCfg = Debug|iPhoneSimulator
		{B69A4441-07E3-4850-A8FE-EB724E2B5B57}.Debug|ARM.ActiveCfg = Debug|iPhoneSimulator
		{B69A4441-07E3-4850-A8FE-EB724E2B5B57}.Debug|iPhone.ActiveCfg = Debug|iPhone
		{B69A4441-07E3-4850-A8FE-EB724E2B5B57}.Debug|iPhone.Build.0 = Debug|iPhone
		{B69A4441-07E3-4850-A8FE-EB724E2B5B57}.Debug|iPhoneSimulator.ActiveCfg = Debug|iPhoneSimulator
		{B69A4441-07E3-4850-A8FE-EB724E2B5B57}.Debug|iPhoneSimulator.Build.0 = Debug|iPhoneSimulator
		{B69A4441-07E3-4850-A8FE-EB724E2B5B57}.Debug|iPhoneSimulator.Deploy.0 = Debug|iPhoneSimulator
		{B69A4441-07E3-4850-A8FE-EB724E2B5B57}.Debug|Mixed Platforms.ActiveCfg = Debug|iPhoneSimulator
		{B69A4441-07E3-4850-A8FE-EB724E2B5B57}.Debug|Mixed Platforms.Build.0 = Debug|iPhoneSimulator
		{B69A4441-07E3-4850-A8FE-EB724E2B5B57}.Debug|Mixed Platforms.Deploy.0 = Debug|iPhoneSimulator
		{B69A4441-07E3-4850-A8FE-EB724E2B5B57}.Debug|x64.ActiveCfg = Debug|iPhoneSimulator
		{B69A4441-07E3-4850-A8FE-EB724E2B5B57}.Debug|x86.ActiveCfg = Debug|iPhoneSimulator
		{B69A4441-07E3-4850-A8FE-EB724E2B5B57}.Release|Any CPU.ActiveCfg = Release|iPhoneSimulator
		{B69A4441-07E3-4850-A8FE-EB724E2B5B57}.Release|ARM.ActiveCfg = Release|iPhoneSimulator
		{B69A4441-07E3-4850-A8FE-EB724E2B5B57}.Release|iPhone.ActiveCfg = Release|iPhone
		{B69A4441-07E3-4850-A8FE-EB724E2B5B57}.Release|iPhone.Build.0 = Release|iPhone
		{B69A4441-07E3-4850-A8FE-EB724E2B5B57}.Release|iPhoneSimulator.ActiveCfg = Release|iPhoneSimulator
		{B69A4441-07E3-4850-A8FE-EB724E2B5B57}.Release|iPhoneSimulator.Build.0 = Release|iPhoneSimulator
		{B69A4441-07E3-4850-A8FE-EB724E2B5B57}.Release|Mixed Platforms.ActiveCfg = Release|iPhoneSimulator
		{B69A4441-07E3-4850-A8FE-EB724E2B5B57}.Release|Mixed Platforms.Build.0 = Release|iPhoneSimulator
		{B69A4441-07E3-4850-A8FE-EB724E2B5B57}.Release|Mixed Platforms.Deploy.0 = Release|iPhoneSimulator
		{B69A4441-07E3-4850-A8FE-EB724E2B5B57}.Release|x64.ActiveCfg = Release|iPhoneSimulator
		{B69A4441-07E3-4850-A8FE-EB724E2B5B57}.Release|x86.ActiveCfg = Release|iPhoneSimulator
		{F9D19374-865E-47FC-B9BE-15394BB07096}.Ad-Hoc|Any CPU.ActiveCfg = Debug|Any CPU
		{F9D19374-865E-47FC-B9BE-15394BB07096}.Ad-Hoc|Any CPU.Build.0 = Debug|Any CPU
		{F9D19374-865E-47FC-B9BE-15394BB07096}.Ad-Hoc|ARM.ActiveCfg = Debug|Any CPU
		{F9D19374-865E-47FC-B9BE-15394BB07096}.Ad-Hoc|iPhone.ActiveCfg = Release|Any CPU
		{F9D19374-865E-47FC-B9BE-15394BB07096}.Ad-Hoc|iPhone.Build.0 = Release|Any CPU
		{F9D19374-865E-47FC-B9BE-15394BB07096}.Ad-Hoc|iPhoneSimulator.ActiveCfg = Debug|Any CPU
		{F9D19374-865E-47FC-B9BE-15394BB07096}.Ad-Hoc|Mixed Platforms.ActiveCfg = Debug|Any CPU
		{F9D19374-865E-47FC-B9BE-15394BB07096}.Ad-Hoc|Mixed Platforms.Build.0 = Debug|Any CPU
		{F9D19374-865E-47FC-B9BE-15394BB07096}.Ad-Hoc|x64.ActiveCfg = Debug|Any CPU
		{F9D19374-865E-47FC-B9BE-15394BB07096}.Ad-Hoc|x86.ActiveCfg = Debug|Any CPU
		{F9D19374-865E-47FC-B9BE-15394BB07096}.AppStore|Any CPU.ActiveCfg = Debug|Any CPU
		{F9D19374-865E-47FC-B9BE-15394BB07096}.AppStore|Any CPU.Build.0 = Debug|Any CPU
		{F9D19374-865E-47FC-B9BE-15394BB07096}.AppStore|ARM.ActiveCfg = Debug|Any CPU
		{F9D19374-865E-47FC-B9BE-15394BB07096}.AppStore|iPhone.ActiveCfg = Release|Any CPU
		{F9D19374-865E-47FC-B9BE-15394BB07096}.AppStore|iPhone.Build.0 = Release|Any CPU
		{F9D19374-865E-47FC-B9BE-15394BB07096}.AppStore|iPhoneSimulator.ActiveCfg = Debug|Any CPU
		{F9D19374-865E-47FC-B9BE-15394BB07096}.AppStore|Mixed Platforms.ActiveCfg = Debug|Any CPU
		{F9D19374-865E-47FC-B9BE-15394BB07096}.AppStore|Mixed Platforms.Build.0 = Debug|Any CPU
		{F9D19374-865E-47FC-B9BE-15394BB07096}.AppStore|x64.ActiveCfg = Debug|Any CPU
		{F9D19374-865E-47FC-B9BE-15394BB07096}.AppStore|x86.ActiveCfg = Debug|Any CPU
		{F9D19374-865E-47FC-B9BE-15394BB07096}.Debug|Any CPU.ActiveCfg = Debug|Any CPU
		{F9D19374-865E-47FC-B9BE-15394BB07096}.Debug|Any CPU.Build.0 = Debug|Any CPU
		{F9D19374-865E-47FC-B9BE-15394BB07096}.Debug|ARM.ActiveCfg = Debug|Any CPU
		{F9D19374-865E-47FC-B9BE-15394BB07096}.Debug|iPhone.ActiveCfg = Debug|Any CPU
		{F9D19374-865E-47FC-B9BE-15394BB07096}.Debug|iPhone.Build.0 = Debug|Any CPU
		{F9D19374-865E-47FC-B9BE-15394BB07096}.Debug|iPhoneSimulator.ActiveCfg = Debug|Any CPU
		{F9D19374-865E-47FC-B9BE-15394BB07096}.Debug|iPhoneSimulator.Build.0 = Debug|Any CPU
		{F9D19374-865E-47FC-B9BE-15394BB07096}.Debug|Mixed Platforms.ActiveCfg = Debug|Any CPU
		{F9D19374-865E-47FC-B9BE-15394BB07096}.Debug|Mixed Platforms.Build.0 = Debug|Any CPU
		{F9D19374-865E-47FC-B9BE-15394BB07096}.Debug|x64.ActiveCfg = Debug|Any CPU
		{F9D19374-865E-47FC-B9BE-15394BB07096}.Debug|x86.ActiveCfg = Debug|Any CPU
		{F9D19374-865E-47FC-B9BE-15394BB07096}.Release|Any CPU.ActiveCfg = Release|Any CPU
		{F9D19374-865E-47FC-B9BE-15394BB07096}.Release|Any CPU.Build.0 = Release|Any CPU
		{F9D19374-865E-47FC-B9BE-15394BB07096}.Release|ARM.ActiveCfg = Release|Any CPU
		{F9D19374-865E-47FC-B9BE-15394BB07096}.Release|iPhone.ActiveCfg = Release|Any CPU
		{F9D19374-865E-47FC-B9BE-15394BB07096}.Release|iPhone.Build.0 = Release|Any CPU
		{F9D19374-865E-47FC-B9BE-15394BB07096}.Release|iPhoneSimulator.ActiveCfg = Release|Any CPU
		{F9D19374-865E-47FC-B9BE-15394BB07096}.Release|iPhoneSimulator.Build.0 = Release|Any CPU
		{F9D19374-865E-47FC-B9BE-15394BB07096}.Release|Mixed Platforms.ActiveCfg = Release|Any CPU
		{F9D19374-865E-47FC-B9BE-15394BB07096}.Release|Mixed Platforms.Build.0 = Release|Any CPU
		{F9D19374-865E-47FC-B9BE-15394BB07096}.Release|x64.ActiveCfg = Release|Any CPU
		{F9D19374-865E-47FC-B9BE-15394BB07096}.Release|x86.ActiveCfg = Release|Any CPU
		{1D4A6901-3533-4E8D-B7A1-30B8B70F049C}.Ad-Hoc|Any CPU.ActiveCfg = Release|Any CPU
		{1D4A6901-3533-4E8D-B7A1-30B8B70F049C}.Ad-Hoc|Any CPU.Build.0 = Release|Any CPU
		{1D4A6901-3533-4E8D-B7A1-30B8B70F049C}.Ad-Hoc|ARM.ActiveCfg = Release|Any CPU
		{1D4A6901-3533-4E8D-B7A1-30B8B70F049C}.Ad-Hoc|iPhone.ActiveCfg = Release|Any CPU
		{1D4A6901-3533-4E8D-B7A1-30B8B70F049C}.Ad-Hoc|iPhoneSimulator.ActiveCfg = Release|Any CPU
		{1D4A6901-3533-4E8D-B7A1-30B8B70F049C}.Ad-Hoc|Mixed Platforms.ActiveCfg = Release|Any CPU
		{1D4A6901-3533-4E8D-B7A1-30B8B70F049C}.Ad-Hoc|Mixed Platforms.Build.0 = Release|Any CPU
		{1D4A6901-3533-4E8D-B7A1-30B8B70F049C}.Ad-Hoc|x64.ActiveCfg = Release|Any CPU
		{1D4A6901-3533-4E8D-B7A1-30B8B70F049C}.Ad-Hoc|x86.ActiveCfg = Release|Any CPU
		{1D4A6901-3533-4E8D-B7A1-30B8B70F049C}.AppStore|Any CPU.ActiveCfg = Release|Any CPU
		{1D4A6901-3533-4E8D-B7A1-30B8B70F049C}.AppStore|Any CPU.Build.0 = Release|Any CPU
		{1D4A6901-3533-4E8D-B7A1-30B8B70F049C}.AppStore|ARM.ActiveCfg = Release|Any CPU
		{1D4A6901-3533-4E8D-B7A1-30B8B70F049C}.AppStore|iPhone.ActiveCfg = Release|Any CPU
		{1D4A6901-3533-4E8D-B7A1-30B8B70F049C}.AppStore|iPhoneSimulator.ActiveCfg = Release|Any CPU
		{1D4A6901-3533-4E8D-B7A1-30B8B70F049C}.AppStore|Mixed Platforms.ActiveCfg = Release|Any CPU
		{1D4A6901-3533-4E8D-B7A1-30B8B70F049C}.AppStore|Mixed Platforms.Build.0 = Release|Any CPU
		{1D4A6901-3533-4E8D-B7A1-30B8B70F049C}.AppStore|x64.ActiveCfg = Release|Any CPU
		{1D4A6901-3533-4E8D-B7A1-30B8B70F049C}.AppStore|x86.ActiveCfg = Release|Any CPU
		{1D4A6901-3533-4E8D-B7A1-30B8B70F049C}.Debug|Any CPU.ActiveCfg = Debug|Any CPU
		{1D4A6901-3533-4E8D-B7A1-30B8B70F049C}.Debug|Any CPU.Build.0 = Debug|Any CPU
		{1D4A6901-3533-4E8D-B7A1-30B8B70F049C}.Debug|ARM.ActiveCfg = Debug|Any CPU
		{1D4A6901-3533-4E8D-B7A1-30B8B70F049C}.Debug|iPhone.ActiveCfg = Debug|Any CPU
		{1D4A6901-3533-4E8D-B7A1-30B8B70F049C}.Debug|iPhoneSimulator.ActiveCfg = Debug|Any CPU
		{1D4A6901-3533-4E8D-B7A1-30B8B70F049C}.Debug|Mixed Platforms.ActiveCfg = Debug|Any CPU
		{1D4A6901-3533-4E8D-B7A1-30B8B70F049C}.Debug|Mixed Platforms.Build.0 = Debug|Any CPU
		{1D4A6901-3533-4E8D-B7A1-30B8B70F049C}.Debug|x64.ActiveCfg = Debug|Any CPU
		{1D4A6901-3533-4E8D-B7A1-30B8B70F049C}.Debug|x86.ActiveCfg = Debug|Any CPU
		{1D4A6901-3533-4E8D-B7A1-30B8B70F049C}.Release|Any CPU.ActiveCfg = Release|Any CPU
		{1D4A6901-3533-4E8D-B7A1-30B8B70F049C}.Release|Any CPU.Build.0 = Release|Any CPU
		{1D4A6901-3533-4E8D-B7A1-30B8B70F049C}.Release|ARM.ActiveCfg = Release|Any CPU
		{1D4A6901-3533-4E8D-B7A1-30B8B70F049C}.Release|iPhone.ActiveCfg = Release|Any CPU
		{1D4A6901-3533-4E8D-B7A1-30B8B70F049C}.Release|iPhoneSimulator.ActiveCfg = Release|Any CPU
		{1D4A6901-3533-4E8D-B7A1-30B8B70F049C}.Release|Mixed Platforms.ActiveCfg = Release|Any CPU
		{1D4A6901-3533-4E8D-B7A1-30B8B70F049C}.Release|Mixed Platforms.Build.0 = Release|Any CPU
		{1D4A6901-3533-4E8D-B7A1-30B8B70F049C}.Release|x64.ActiveCfg = Release|Any CPU
		{1D4A6901-3533-4E8D-B7A1-30B8B70F049C}.Release|x86.ActiveCfg = Release|Any CPU
		{06DBF3A5-8CE0-49C2-A8FC-6FC92C409D60}.Ad-Hoc|Any CPU.ActiveCfg = Release|Any CPU
		{06DBF3A5-8CE0-49C2-A8FC-6FC92C409D60}.Ad-Hoc|Any CPU.Build.0 = Release|Any CPU
		{06DBF3A5-8CE0-49C2-A8FC-6FC92C409D60}.Ad-Hoc|ARM.ActiveCfg = Release|Any CPU
		{06DBF3A5-8CE0-49C2-A8FC-6FC92C409D60}.Ad-Hoc|iPhone.ActiveCfg = Release|Any CPU
		{06DBF3A5-8CE0-49C2-A8FC-6FC92C409D60}.Ad-Hoc|iPhoneSimulator.ActiveCfg = Release|Any CPU
		{06DBF3A5-8CE0-49C2-A8FC-6FC92C409D60}.Ad-Hoc|Mixed Platforms.ActiveCfg = Release|Any CPU
		{06DBF3A5-8CE0-49C2-A8FC-6FC92C409D60}.Ad-Hoc|Mixed Platforms.Build.0 = Release|Any CPU
		{06DBF3A5-8CE0-49C2-A8FC-6FC92C409D60}.Ad-Hoc|x64.ActiveCfg = Release|Any CPU
		{06DBF3A5-8CE0-49C2-A8FC-6FC92C409D60}.Ad-Hoc|x86.ActiveCfg = Release|Any CPU
		{06DBF3A5-8CE0-49C2-A8FC-6FC92C409D60}.AppStore|Any CPU.ActiveCfg = Release|Any CPU
		{06DBF3A5-8CE0-49C2-A8FC-6FC92C409D60}.AppStore|Any CPU.Build.0 = Release|Any CPU
		{06DBF3A5-8CE0-49C2-A8FC-6FC92C409D60}.AppStore|ARM.ActiveCfg = Release|Any CPU
		{06DBF3A5-8CE0-49C2-A8FC-6FC92C409D60}.AppStore|iPhone.ActiveCfg = Release|Any CPU
		{06DBF3A5-8CE0-49C2-A8FC-6FC92C409D60}.AppStore|iPhoneSimulator.ActiveCfg = Release|Any CPU
		{06DBF3A5-8CE0-49C2-A8FC-6FC92C409D60}.AppStore|Mixed Platforms.ActiveCfg = Release|Any CPU
		{06DBF3A5-8CE0-49C2-A8FC-6FC92C409D60}.AppStore|Mixed Platforms.Build.0 = Release|Any CPU
		{06DBF3A5-8CE0-49C2-A8FC-6FC92C409D60}.AppStore|x64.ActiveCfg = Release|Any CPU
		{06DBF3A5-8CE0-49C2-A8FC-6FC92C409D60}.AppStore|x86.ActiveCfg = Release|Any CPU
		{06DBF3A5-8CE0-49C2-A8FC-6FC92C409D60}.Debug|Any CPU.ActiveCfg = Debug|Any CPU
		{06DBF3A5-8CE0-49C2-A8FC-6FC92C409D60}.Debug|Any CPU.Build.0 = Debug|Any CPU
		{06DBF3A5-8CE0-49C2-A8FC-6FC92C409D60}.Debug|ARM.ActiveCfg = Debug|Any CPU
		{06DBF3A5-8CE0-49C2-A8FC-6FC92C409D60}.Debug|iPhone.ActiveCfg = Debug|Any CPU
		{06DBF3A5-8CE0-49C2-A8FC-6FC92C409D60}.Debug|iPhoneSimulator.ActiveCfg = Debug|Any CPU
		{06DBF3A5-8CE0-49C2-A8FC-6FC92C409D60}.Debug|Mixed Platforms.ActiveCfg = Debug|Any CPU
		{06DBF3A5-8CE0-49C2-A8FC-6FC92C409D60}.Debug|Mixed Platforms.Build.0 = Debug|Any CPU
		{06DBF3A5-8CE0-49C2-A8FC-6FC92C409D60}.Debug|x64.ActiveCfg = Debug|Any CPU
		{06DBF3A5-8CE0-49C2-A8FC-6FC92C409D60}.Debug|x86.ActiveCfg = Debug|Any CPU
		{06DBF3A5-8CE0-49C2-A8FC-6FC92C409D60}.Release|Any CPU.ActiveCfg = Release|Any CPU
		{06DBF3A5-8CE0-49C2-A8FC-6FC92C409D60}.Release|Any CPU.Build.0 = Release|Any CPU
		{06DBF3A5-8CE0-49C2-A8FC-6FC92C409D60}.Release|ARM.ActiveCfg = Release|Any CPU
		{06DBF3A5-8CE0-49C2-A8FC-6FC92C409D60}.Release|iPhone.ActiveCfg = Release|Any CPU
		{06DBF3A5-8CE0-49C2-A8FC-6FC92C409D60}.Release|iPhoneSimulator.ActiveCfg = Release|Any CPU
		{06DBF3A5-8CE0-49C2-A8FC-6FC92C409D60}.Release|Mixed Platforms.ActiveCfg = Release|Any CPU
		{06DBF3A5-8CE0-49C2-A8FC-6FC92C409D60}.Release|Mixed Platforms.Build.0 = Release|Any CPU
		{06DBF3A5-8CE0-49C2-A8FC-6FC92C409D60}.Release|x64.ActiveCfg = Release|Any CPU
		{06DBF3A5-8CE0-49C2-A8FC-6FC92C409D60}.Release|x86.ActiveCfg = Release|Any CPU
	EndGlobalSection
	GlobalSection(SolutionProperties) = preSolution
		HideSolutionNode = FALSE
	EndGlobalSection
	GlobalSection(MonoDevelopProperties) = preSolution
		StartupItem = HackerNewsNow.iPhone\HackerNewsNow.iPhone.csproj
	EndGlobalSection
EndGlobal
